
Microsoft Visual Studio Solution File, Format Version 12.00
# Visual Studio Version 17
VisualStudioVersion = 17.12.35527.113 d17.12
MinimumVisualStudioVersion = 10.0.40219.1
Project("{FAE04EC0-301F-11D3-BF4B-00C04F79EFBC}") = "SkinChest", "SkinChest.csproj", "{C338E286-B9E1-43D4-826F-7837DB7B6C7A}"
EndProject
Global
	GlobalSection(SolutionConfigurationPlatforms) = preSolution
		Debug|Any CPU = Debug|Any CPU
		Release|Any CPU = Release|Any CPU
	EndGlobalSection
	GlobalSection(ProjectConfigurationPlatforms) = postSolution
		{C338E286-B9E1-43D4-826F-7837DB7B6C7A}.Debug|Any CPU.ActiveCfg = Debug|Any CPU
		{C338E286-B9E1-43D4-826F-7837DB7B6C7A}.Debug|Any CPU.Build.0 = Debug|Any CPU
		{C338E286-B9E1-43D4-826F-7837DB7B6C7A}.Release|Any CPU.ActiveCfg = Release|Any CPU
		{C338E286-B9E1-43D4-826F-7837DB7B6C7A}.Release|Any CPU.Build.0 = Release|Any CPU
	EndGlobalSection
	GlobalSection(SolutionProperties) = preSolution
		HideSolutionNode = FALSE
	EndGlobalSection
EndGlobal
